
Microsoft Visual Studio Solution File, Format Version 12.00
# Visual Studio Version 17
VisualStudioVersion = 17.7.34024.191
MinimumVisualStudioVersion = 10.0.40219.1
Project("{9A19103F-16F7-4668-BE54-9A1E7A4F7556}") = "MicroservicesHelpers", "MicroservicesHelpers\MicroservicesHelpers.csproj", "{25403523-1987-47AA-925A-12A67809DF54}"
EndProject
Project("{9A19103F-16F7-4668-BE54-9A1E7A4F7556}") = "IdentityServer", "IdentityServer\IdentityServer.csproj", "{3DAA04E2-B587-4276-8421-0FDDA4BD5905}"
EndProject
Project("{9A19103F-16F7-4668-BE54-9A1E7A4F7556}") = "MicroservicesGateway", "MicroservicesGateway\MicroservicesGateway.csproj", "{0F267868-8AA7-43A3-9771-071A738575B6}"
EndProject
Project("{E53339B2-1760-4266-BCC7-CA923CBCF16C}") = "docker-compose", "docker-compose.dcproj", "{E106A549-5A70-4AE1-8CF7-3B1DCB2D89FD}"
EndProject
Project("{FAE04EC0-301F-11D3-BF4B-00C04F79EFBC}") = "CentralLogAggregator", "CentralLogAggregator\CentralLogAggregator.csproj", "{62DF3000-B738-4D0C-BF46-8886DB20447D}"
EndProject
Global
	GlobalSection(SolutionConfigurationPlatforms) = preSolution
		Debug|Any CPU = Debug|Any CPU
		Release|Any CPU = Release|Any CPU
	EndGlobalSection
	GlobalSection(ProjectConfigurationPlatforms) = postSolution
		{25403523-1987-47AA-925A-12A67809DF54}.Debug|Any CPU.ActiveCfg = Debug|Any CPU
		{25403523-1987-47AA-925A-12A67809DF54}.Debug|Any CPU.Build.0 = Debug|Any CPU
		{25403523-1987-47AA-925A-12A67809DF54}.Release|Any CPU.ActiveCfg = Release|Any CPU
		{25403523-1987-47AA-925A-12A67809DF54}.Release|Any CPU.Build.0 = Release|Any CPU
		{3DAA04E2-B587-4276-8421-0FDDA4BD5905}.Debug|Any CPU.ActiveCfg = Debug|Any CPU
		{3DAA04E2-B587-4276-8421-0FDDA4BD5905}.Debug|Any CPU.Build.0 = Debug|Any CPU
		{3DAA04E2-B587-4276-8421-0FDDA4BD5905}.Release|Any CPU.ActiveCfg = Release|Any CPU
		{3DAA04E2-B587-4276-8421-0FDDA4BD5905}.Release|Any CPU.Build.0 = Release|Any CPU
		{0F267868-8AA7-43A3-9771-071A738575B6}.Debug|Any CPU.ActiveCfg = Debug|Any CPU
		{0F267868-8AA7-43A3-9771-071A738575B6}.Debug|Any CPU.Build.0 = Debug|Any CPU
		{0F267868-8AA7-43A3-9771-071A738575B6}.Release|Any CPU.ActiveCfg = Release|Any CPU
		{0F267868-8AA7-43A3-9771-071A738575B6}.Release|Any CPU.Build.0 = Release|Any CPU
		{E106A549-5A70-4AE1-8CF7-3B1DCB2D89FD}.Debug|Any CPU.ActiveCfg = Debug|Any CPU
		{E106A549-5A70-4AE1-8CF7-3B1DCB2D89FD}.Debug|Any CPU.Build.0 = Debug|Any CPU
		{E106A549-5A70-4AE1-8CF7-3B1DCB2D89FD}.Release|Any CPU.ActiveCfg = Release|Any CPU
		{E106A549-5A70-4AE1-8CF7-3B1DCB2D89FD}.Release|Any CPU.Build.0 = Release|Any CPU
		{62DF3000-B738-4D0C-BF46-8886DB20447D}.Debug|Any CPU.ActiveCfg = Debug|Any CPU
		{62DF3000-B738-4D0C-BF46-8886DB20447D}.Debug|Any CPU.Build.0 = Debug|Any CPU
		{62DF3000-B738-4D0C-BF46-8886DB20447D}.Release|Any CPU.ActiveCfg = Release|Any CPU
		{62DF3000-B738-4D0C-BF46-8886DB20447D}.Release|Any CPU.Build.0 = Release|Any CPU
	EndGlobalSection
	GlobalSection(SolutionProperties) = preSolution
		HideSolutionNode = FALSE
	EndGlobalSection
	GlobalSection(ExtensibilityGlobals) = postSolution
		SolutionGuid = {9FA58C03-3FC7-474C-A26F-EC14D8A8DF25}
	EndGlobalSection
EndGlobal
